schema: '2.0'
stages:
  data_ingetion:
    cmd: python src/data/data_ingetion.py
    deps:
    - path: data/raw/spam.csv
      hash: md5
      md5: 008dcf9ca6aab621d3b3831db6815867
      size: 503663
    - path: src/data/data_ingetion.py
      hash: md5
      md5: 37facde36fceb9a97e12dd348a55f8da
      size: 2720
    outs:
    - path: data/raw/test_data.csv
      hash: md5
      md5: 6e635acfe8d24c30c46ea18c568960eb
      size: 98560
    - path: data/raw/train_data.csv
      hash: md5
      md5: 2e9e712c23220e3d7d9c618edd4be470
      size: 386286
  feature_engineering:
    cmd: python src/features/feature_engineering.py
    deps:
    - path: data/raw/test_data.csv
      hash: md5
      md5: 6e635acfe8d24c30c46ea18c568960eb
      size: 98560
    - path: data/raw/train_data.csv
      hash: md5
      md5: 2e9e712c23220e3d7d9c618edd4be470
      size: 386286
    - path: src/features/feature_engineering.py
      hash: md5
      md5: c939f75981214ca66cd07949ddc21b83
      size: 1796
    outs:
    - path: data/processed/test_processed.csv
      hash: md5
      md5: d35a8cf0f02a5fb67bb189696127061c
      size: 62413
    - path: data/processed/train_processed.csv
      hash: md5
      md5: 8a158f1b2ff676d0a160e03d41b00d97
      size: 246689
  feature_extraction:
    cmd: python src/features/feature_extraction.py
    deps:
    - path: data/processed/test_processed.csv
      hash: md5
      md5: d35a8cf0f02a5fb67bb189696127061c
      size: 62413
    - path: data/processed/train_processed.csv
      hash: md5
      md5: 8a158f1b2ff676d0a160e03d41b00d97
      size: 246689
    - path: src/features/feature_extraction.py
      hash: md5
      md5: 1e692d85b8acb3591f0feb7d22a5fc9f
      size: 2233
    outs:
    - path: data/processed/test_tfidf.csv
      hash: md5
      md5: 776ac1c34cea33b8ba9ce26cf57737c6
      size: 9048471
    - path: data/processed/train_tfidf.csv
      hash: md5
      md5: 3bcc35216736096454dcba88937e488c
      size: 36153186
  model_training:
    cmd: python src/models/train_model.py
    deps:
    - path: data/processed/train_tfidf.csv
      hash: md5
      md5: 3bcc35216736096454dcba88937e488c
      size: 36153186
    - path: src/models/train_model.py
      hash: md5
      md5: 8266e79716981e8fba352b54ff6f4dab
      size: 1245
    outs:
    - path: models/model.pkl
      hash: md5
      md5: 11cd4812f2f0923c6d9a590fc9ff8f93
      size: 5950320
  model_evaluation:
    cmd: python src/models/evaluation.py
    deps:
    - path: data/processed/test_tfidf.csv
      hash: md5
      md5: 776ac1c34cea33b8ba9ce26cf57737c6
      size: 9048471
    - path: models/model.pkl
      hash: md5
      md5: 11cd4812f2f0923c6d9a590fc9ff8f93
      size: 5950320
    - path: src/models/evaluation.py
      hash: md5
      md5: bd33397456e3430355a9e4b514a4f1dd
      size: 1614
    outs:
    - path: models/metrics.json
      hash: md5
      md5: efee155261721fd30ec36494cdb71a9b
      size: 62
